
Microsoft Visual Studio Solution File, Format Version 12.00
# Visual Studio 15
Project("{FAE04EC0-301F-11D3-BF4B-00C04F79EFBC}") = "UnityEngine.UI", "UnityEngine.UI.csproj", "{37C29343-3CAC-7D49-236B-E3BC3571EF3B}"
EndProject
Project("{FAE04EC0-301F-11D3-BF4B-00C04F79EFBC}") = "UnityEngine.TestRunner", "UnityEngine.TestRunner.csproj", "{C19DF9F6-97EB-6E70-2CDB-F3D34CB26DA5}"
EndProject
Project("{FAE04EC0-301F-11D3-BF4B-00C04F79EFBC}") = "Unity.VisualScripting.Flow", "Unity.VisualScripting.Flow.csproj", "{66FA31EC-3321-8484-45B5-161EFB2ABAAD}"
EndProject
Project("{FAE04EC0-301F-11D3-BF4B-00C04F79EFBC}") = "Assembly-CSharp", "Assembly-CSharp.csproj", "{5AC4570E-0794-4BC8-0BB6-38EE8BBF7E86}"
EndProject
Project("{FAE04EC0-301F-11D3-BF4B-00C04F79EFBC}") = "Unity.VisualScripting.State", "Unity.VisualScripting.State.csproj", "{1B67E1C1-192F-B62B-D367-3726FA7657F9}"
EndProject
Project("{FAE04EC0-301F-11D3-BF4B-00C04F79EFBC}") = "Unity.VisualScripting.Core", "Unity.VisualScripting.Core.csproj", "{FD6B4580-7109-7308-1800-5320010FD64F}"
EndProject
Project("{FAE04EC0-301F-11D3-BF4B-00C04F79EFBC}") = "Unity.TextMeshPro", "Unity.TextMeshPro.csproj", "{E46B5D8B-0023-C2CF-FF1A-B05D92316FD2}"
EndProject
Project("{FAE04EC0-301F-11D3-BF4B-00C04F79EFBC}") = "Unity.Timeline", "Unity.Timeline.csproj", "{3361A77C-62E9-0467-8329-1557F8208DB4}"
EndProject
Project("{FAE04EC0-301F-11D3-BF4B-00C04F79EFBC}") = "Unity.PlasticSCM.Editor", "Unity.PlasticSCM.Editor.csproj", "{1884CC9C-9316-8126-30E6-DF078594CC2D}"
EndProject
Project("{FAE04EC0-301F-11D3-BF4B-00C04F79EFBC}") = "Unity.VisualScripting.Core.Editor", "Unity.VisualScripting.Core.Editor.csproj", "{FCFA0FFD-865B-644F-1076-F27A64977DB1}"
EndProject
Project("{FAE04EC0-301F-11D3-BF4B-00C04F79EFBC}") = "Unity.VisualScripting.Flow.Editor", "Unity.VisualScripting.Flow.Editor.csproj", "{A32D6FF7-BBDD-1373-BB9F-D22FAFA868CF}"
EndProject
Project("{FAE04EC0-301F-11D3-BF4B-00C04F79EFBC}") = "Unity.VisualStudio.Editor", "Unity.VisualStudio.Editor.csproj", "{5BBD3D1F-E148-EA47-50E1-6E1E1DCFE85C}"
EndProject
Project("{FAE04EC0-301F-11D3-BF4B-00C04F79EFBC}") = "Unity.Timeline.Editor", "Unity.Timeline.Editor.csproj", "{E94A130C-EFD0-D7C0-F76E-2D325D39480A}"
EndProject
Project("{FAE04EC0-301F-11D3-BF4B-00C04F79EFBC}") = "Unity.VisualScripting.State.Editor", "Unity.VisualScripting.State.Editor.csproj", "{2FAE7CD9-6A65-2A4E-070D-8FDC20BFF326}"
EndProject
Project("{FAE04EC0-301F-11D3-BF4B-00C04F79EFBC}") = "Unity.TextMeshPro.Editor", "Unity.TextMeshPro.Editor.csproj", "{3A199927-70D2-D88D-3E56-2C3159897E54}"
EndProject
Project("{FAE04EC0-301F-11D3-BF4B-00C04F79EFBC}") = "Unity.VisualScripting.SettingsProvider.Editor", "Unity.VisualScripting.SettingsProvider.Editor.csproj", "{3A786B81-9E66-CD35-E4F3-6210A7C99AED}"
EndProject
Project("{FAE04EC0-301F-11D3-BF4B-00C04F79EFBC}") = "UnityEditor.TestRunner", "UnityEditor.TestRunner.csproj", "{13CD76DA-9F11-A7ED-3DB2-FCC978FD9D39}"
EndProject
Project("{FAE04EC0-301F-11D3-BF4B-00C04F79EFBC}") = "Unity.TestTools.CodeCoverage.Editor", "Unity.TestTools.CodeCoverage.Editor.csproj", "{2918408E-C904-4604-588F-BFDEBC4EA5E8}"
EndProject
Project("{FAE04EC0-301F-11D3-BF4B-00C04F79EFBC}") = "Unity.Rider.Editor", "Unity.Rider.Editor.csproj", "{3B72704E-2DC3-7E79-AD5B-900B9BE2DB50}"
EndProject
Project("{FAE04EC0-301F-11D3-BF4B-00C04F79EFBC}") = "Unity.Performance.Profile-Analyzer.Editor", "Unity.Performance.Profile-Analyzer.Editor.csproj", "{A00ADB15-613B-C447-C24C-795F27CD98C5}"
EndProject
Project("{FAE04EC0-301F-11D3-BF4B-00C04F79EFBC}") = "Unity.VSCode.Editor", "Unity.VSCode.Editor.csproj", "{C8F7C2DC-AC42-285D-654B-62C2CD1FDDFA}"
EndProject
Project("{FAE04EC0-301F-11D3-BF4B-00C04F79EFBC}") = "UnityEditor.UI", "UnityEditor.UI.csproj", "{5FA20B35-BC8C-5CAD-7030-E9DAE5134DE3}"
EndProject
Project("{FAE04EC0-301F-11D3-BF4B-00C04F79EFBC}") = "Unity.TestTools.CodeCoverage.Editor.OpenCover.Model", "Unity.TestTools.CodeCoverage.Editor.OpenCover.Model.csproj", "{7FC8E2CF-797E-0A50-FF3B-F3F2AE729AC0}"
EndProject
Project("{FAE04EC0-301F-11D3-BF4B-00C04F79EFBC}") = "Unity.EditorCoroutines.Editor", "Unity.EditorCoroutines.Editor.csproj", "{BEB97B22-1273-15CA-7018-904784680041}"
EndProject
Project("{FAE04EC0-301F-11D3-BF4B-00C04F79EFBC}") = "Unity.Settings.Editor", "Unity.Settings.Editor.csproj", "{9B6288DD-07AC-7898-0878-566646E686CE}"
EndProject
Project("{FAE04EC0-301F-11D3-BF4B-00C04F79EFBC}") = "Unity.CollabProxy.Editor", "Unity.CollabProxy.Editor.csproj", "{445DF4A7-D323-A1BE-E1A7-6C481C9EB0FC}"
EndProject
Project("{FAE04EC0-301F-11D3-BF4B-00C04F79EFBC}") = "Unity.TestTools.CodeCoverage.Editor.OpenCover.Mono.Reflection", "Unity.TestTools.CodeCoverage.Editor.OpenCover.Mono.Reflection.csproj", "{E8FED161-34F0-CFB3-530F-79473989D110}"
EndProject
Project("{FAE04EC0-301F-11D3-BF4B-00C04F79EFBC}") = "Unity.VisualScripting.Shared.Editor", "Unity.VisualScripting.Shared.Editor.csproj", "{02E0F917-C08A-E3D8-2497-A3FA1133132A}"
EndProject
Project("{FAE04EC0-301F-11D3-BF4B-00C04F79EFBC}") = "UnityEngine.UI", "UnityEngine.UI.Player.csproj", "{C70C0EF8-1072-201D-4B36-63688E0F90E2}"
EndProject
Project("{FAE04EC0-301F-11D3-BF4B-00C04F79EFBC}") = "UnityEngine.TestRunner", "UnityEngine.TestRunner.Player.csproj", "{A0599203-F796-6475-14AF-EBEB3FBB1D8C}"
EndProject
Project("{FAE04EC0-301F-11D3-BF4B-00C04F79EFBC}") = "Unity.VisualScripting.Flow", "Unity.VisualScripting.Flow.Player.csproj", "{1CE600DF-02C2-9665-070C-02651CBA1769}"
EndProject
Project("{FAE04EC0-301F-11D3-BF4B-00C04F79EFBC}") = "Assembly-CSharp", "Assembly-CSharp.Player.csproj", "{22216E3B-12E9-B391-19BB-5890458F0B17}"
EndProject
Project("{FAE04EC0-301F-11D3-BF4B-00C04F79EFBC}") = "Unity.VisualScripting.State", "Unity.VisualScripting.State.Player.csproj", "{5993D4F7-2675-24C5-E00F-A922C6A5EE1D}"
EndProject
Project("{FAE04EC0-301F-11D3-BF4B-00C04F79EFBC}") = "Unity.VisualScripting.Core", "Unity.VisualScripting.Core.Player.csproj", "{B6CFFBCE-A05A-2DFF-5957-5F4759202605}"
EndProject
Project("{FAE04EC0-301F-11D3-BF4B-00C04F79EFBC}") = "Unity.TextMeshPro", "Unity.TextMeshPro.Player.csproj", "{E6792A5E-79D0-8C10-2E17-EC722BC23D81}"
EndProject
Project("{FAE04EC0-301F-11D3-BF4B-00C04F79EFBC}") = "Unity.Timeline", "Unity.Timeline.Player.csproj", "{451DB3E0-F1CC-5189-5527-F862FA1DD8CA}"
EndProject
Global
	GlobalSection(SolutionConfigurationPlatforms) = preSolution
		Debug|Any CPU = Debug|Any CPU
		Release|Any CPU = Release|Any CPU
	EndGlobalSection
	GlobalSection(ProjectConfigurationPlatforms) = postSolution
		{37C29343-3CAC-7D49-236B-E3BC3571EF3B}.Debug|Any CPU.ActiveCfg = Debug|Any CPU
		{37C29343-3CAC-7D49-236B-E3BC3571EF3B}.Debug|Any CPU.Build.0 = Debug|Any CPU
		{37C29343-3CAC-7D49-236B-E3BC3571EF3B}.Release|Any CPU.ActiveCfg = Release|Any CPU
		{37C29343-3CAC-7D49-236B-E3BC3571EF3B}.Release|Any CPU.Build.0 = Release|Any CPU
		{C19DF9F6-97EB-6E70-2CDB-F3D34CB26DA5}.Debug|Any CPU.ActiveCfg = Debug|Any CPU
		{C19DF9F6-97EB-6E70-2CDB-F3D34CB26DA5}.Debug|Any CPU.Build.0 = Debug|Any CPU
		{C19DF9F6-97EB-6E70-2CDB-F3D34CB26DA5}.Release|Any CPU.ActiveCfg = Release|Any CPU
		{C19DF9F6-97EB-6E70-2CDB-F3D34CB26DA5}.Release|Any CPU.Build.0 = Release|Any CPU
		{66FA31EC-3321-8484-45B5-161EFB2ABAAD}.Debug|Any CPU.ActiveCfg = Debug|Any CPU
		{66FA31EC-3321-8484-45B5-161EFB2ABAAD}.Debug|Any CPU.Build.0 = Debug|Any CPU
		{66FA31EC-3321-8484-45B5-161EFB2ABAAD}.Release|Any CPU.ActiveCfg = Release|Any CPU
		{66FA31EC-3321-8484-45B5-161EFB2ABAAD}.Release|Any CPU.Build.0 = Release|Any CPU
		{5AC4570E-0794-4BC8-0BB6-38EE8BBF7E86}.Debug|Any CPU.ActiveCfg = Debug|Any CPU
		{5AC4570E-0794-4BC8-0BB6-38EE8BBF7E86}.Debug|Any CPU.Build.0 = Debug|Any CPU
		{5AC4570E-0794-4BC8-0BB6-38EE8BBF7E86}.Release|Any CPU.ActiveCfg = Release|Any CPU
		{5AC4570E-0794-4BC8-0BB6-38EE8BBF7E86}.Release|Any CPU.Build.0 = Release|Any CPU
		{1B67E1C1-192F-B62B-D367-3726FA7657F9}.Debug|Any CPU.ActiveCfg = Debug|Any CPU
		{1B67E1C1-192F-B62B-D367-3726FA7657F9}.Debug|Any CPU.Build.0 = Debug|Any CPU
		{1B67E1C1-192F-B62B-D367-3726FA7657F9}.Release|Any CPU.ActiveCfg = Release|Any CPU
		{1B67E1C1-192F-B62B-D367-3726FA7657F9}.Release|Any CPU.Build.0 = Release|Any CPU
		{FD6B4580-7109-7308-1800-5320010FD64F}.Debug|Any CPU.ActiveCfg = Debug|Any CPU
		{FD6B4580-7109-7308-1800-5320010FD64F}.Debug|Any CPU.Build.0 = Debug|Any CPU
		{FD6B4580-7109-7308-1800-5320010FD64F}.Release|Any CPU.ActiveCfg = Release|Any CPU
		{FD6B4580-7109-7308-1800-5320010FD64F}.Release|Any CPU.Build.0 = Release|Any CPU
		{E46B5D8B-0023-C2CF-FF1A-B05D92316FD2}.Debug|Any CPU.ActiveCfg = Debug|Any CPU
		{E46B5D8B-0023-C2CF-FF1A-B05D92316FD2}.Debug|Any CPU.Build.0 = Debug|Any CPU
		{E46B5D8B-0023-C2CF-FF1A-B05D92316FD2}.Release|Any CPU.ActiveCfg = Release|Any CPU
		{E46B5D8B-0023-C2CF-FF1A-B05D92316FD2}.Release|Any CPU.Build.0 = Release|Any CPU
		{3361A77C-62E9-0467-8329-1557F8208DB4}.Debug|Any CPU.ActiveCfg = Debug|Any CPU
		{3361A77C-62E9-0467-8329-1557F8208DB4}.Debug|Any CPU.Build.0 = Debug|Any CPU
		{3361A77C-62E9-0467-8329-1557F8208DB4}.Release|Any CPU.ActiveCfg = Release|Any CPU
		{3361A77C-62E9-0467-8329-1557F8208DB4}.Release|Any CPU.Build.0 = Release|Any CPU
		{1884CC9C-9316-8126-30E6-DF078594CC2D}.Debug|Any CPU.ActiveCfg = Debug|Any CPU
		{1884CC9C-9316-8126-30E6-DF078594CC2D}.Debug|Any CPU.Build.0 = Debug|Any CPU
		{1884CC9C-9316-8126-30E6-DF078594CC2D}.Release|Any CPU.ActiveCfg = Release|Any CPU
		{1884CC9C-9316-8126-30E6-DF078594CC2D}.Release|Any CPU.Build.0 = Release|Any CPU
		{FCFA0FFD-865B-644F-1076-F27A64977DB1}.Debug|Any CPU.ActiveCfg = Debug|Any CPU
		{FCFA0FFD-865B-644F-1076-F27A64977DB1}.Debug|Any CPU.Build.0 = Debug|Any CPU
		{FCFA0FFD-865B-644F-1076-F27A64977DB1}.Release|Any CPU.ActiveCfg = Release|Any CPU
		{FCFA0FFD-865B-644F-1076-F27A64977DB1}.Release|Any CPU.Build.0 = Release|Any CPU
		{A32D6FF7-BBDD-1373-BB9F-D22FAFA868CF}.Debug|Any CPU.ActiveCfg = Debug|Any CPU
		{A32D6FF7-BBDD-1373-BB9F-D22FAFA868CF}.Debug|Any CPU.Build.0 = Debug|Any CPU
		{A32D6FF7-BBDD-1373-BB9F-D22FAFA868CF}.Release|Any CPU.ActiveCfg = Release|Any CPU
		{A32D6FF7-BBDD-1373-BB9F-D22FAFA868CF}.Release|Any CPU.Build.0 = Release|Any CPU
		{5BBD3D1F-E148-EA47-50E1-6E1E1DCFE85C}.Debug|Any CPU.ActiveCfg = Debug|Any CPU
		{5BBD3D1F-E148-EA47-50E1-6E1E1DCFE85C}.Debug|Any CPU.Build.0 = Debug|Any CPU
		{5BBD3D1F-E148-EA47-50E1-6E1E1DCFE85C}.Release|Any CPU.ActiveCfg = Release|Any CPU
		{5BBD3D1F-E148-EA47-50E1-6E1E1DCFE85C}.Release|Any CPU.Build.0 = Release|Any CPU
		{E94A130C-EFD0-D7C0-F76E-2D325D39480A}.Debug|Any CPU.ActiveCfg = Debug|Any CPU
		{E94A130C-EFD0-D7C0-F76E-2D325D39480A}.Debug|Any CPU.Build.0 = Debug|Any CPU
		{E94A130C-EFD0-D7C0-F76E-2D325D39480A}.Release|Any CPU.ActiveCfg = Release|Any CPU
		{E94A130C-EFD0-D7C0-F76E-2D325D39480A}.Release|Any CPU.Build.0 = Release|Any CPU
		{2FAE7CD9-6A65-2A4E-070D-8FDC20BFF326}.Debug|Any CPU.ActiveCfg = Debug|Any CPU
		{2FAE7CD9-6A65-2A4E-070D-8FDC20BFF326}.Debug|Any CPU.Build.0 = Debug|Any CPU
		{2FAE7CD9-6A65-2A4E-070D-8FDC20BFF326}.Release|Any CPU.ActiveCfg = Release|Any CPU
		{2FAE7CD9-6A65-2A4E-070D-8FDC20BFF326}.Release|Any CPU.Build.0 = Release|Any CPU
		{3A199927-70D2-D88D-3E56-2C3159897E54}.Debug|Any CPU.ActiveCfg = Debug|Any CPU
		{3A199927-70D2-D88D-3E56-2C3159897E54}.Debug|Any CPU.Build.0 = Debug|Any CPU
		{3A199927-70D2-D88D-3E56-2C3159897E54}.Release|Any CPU.ActiveCfg = Release|Any CPU
		{3A199927-70D2-D88D-3E56-2C3159897E54}.Release|Any CPU.Build.0 = Release|Any CPU
		{3A786B81-9E66-CD35-E4F3-6210A7C99AED}.Debug|Any CPU.ActiveCfg = Debug|Any CPU
		{3A786B81-9E66-CD35-E4F3-6210A7C99AED}.Debug|Any CPU.Build.0 = Debug|Any CPU
		{3A786B81-9E66-CD35-E4F3-6210A7C99AED}.Release|Any CPU.ActiveCfg = Release|Any CPU
		{3A786B81-9E66-CD35-E4F3-6210A7C99AED}.Release|Any CPU.Build.0 = Release|Any CPU
		{13CD76DA-9F11-A7ED-3DB2-FCC978FD9D39}.Debug|Any CPU.ActiveCfg = Debug|Any CPU
		{13CD76DA-9F11-A7ED-3DB2-FCC978FD9D39}.Debug|Any CPU.Build.0 = Debug|Any CPU
		{13CD76DA-9F11-A7ED-3DB2-FCC978FD9D39}.Release|Any CPU.ActiveCfg = Release|Any CPU
		{13CD76DA-9F11-A7ED-3DB2-FCC978FD9D39}.Release|Any CPU.Build.0 = Release|Any CPU
		{2918408E-C904-4604-588F-BFDEBC4EA5E8}.Debug|Any CPU.ActiveCfg = Debug|Any CPU
		{2918408E-C904-4604-588F-BFDEBC4EA5E8}.Debug|Any CPU.Build.0 = Debug|Any CPU
		{2918408E-C904-4604-588F-BFDEBC4EA5E8}.Release|Any CPU.ActiveCfg = Release|Any CPU
		{2918408E-C904-4604-588F-BFDEBC4EA5E8}.Release|Any CPU.Build.0 = Release|Any CPU
		{3B72704E-2DC3-7E79-AD5B-900B9BE2DB50}.Debug|Any CPU.ActiveCfg = Debug|Any CPU
		{3B72704E-2DC3-7E79-AD5B-900B9BE2DB50}.Debug|Any CPU.Build.0 = Debug|Any CPU
		{3B72704E-2DC3-7E79-AD5B-900B9BE2DB50}.Release|Any CPU.ActiveCfg = Release|Any CPU
		{3B72704E-2DC3-7E79-AD5B-900B9BE2DB50}.Release|Any CPU.Build.0 = Release|Any CPU
		{A00ADB15-613B-C447-C24C-795F27CD98C5}.Debug|Any CPU.ActiveCfg = Debug|Any CPU
		{A00ADB15-613B-C447-C24C-795F27CD98C5}.Debug|Any CPU.Build.0 = Debug|Any CPU
		{A00ADB15-613B-C447-C24C-795F27CD98C5}.Release|Any CPU.ActiveCfg = Release|Any CPU
		{A00ADB15-613B-C447-C24C-795F27CD98C5}.Release|Any CPU.Build.0 = Release|Any CPU
		{C8F7C2DC-AC42-285D-654B-62C2CD1FDDFA}.Debug|Any CPU.ActiveCfg = Debug|Any CPU
		{C8F7C2DC-AC42-285D-654B-62C2CD1FDDFA}.Debug|Any CPU.Build.0 = Debug|Any CPU
		{C8F7C2DC-AC42-285D-654B-62C2CD1FDDFA}.Release|Any CPU.ActiveCfg = Release|Any CPU
		{C8F7C2DC-AC42-285D-654B-62C2CD1FDDFA}.Release|Any CPU.Build.0 = Release|Any CPU
		{5FA20B35-BC8C-5CAD-7030-E9DAE5134DE3}.Debug|Any CPU.ActiveCfg = Debug|Any CPU
		{5FA20B35-BC8C-5CAD-7030-E9DAE5134DE3}.Debug|Any CPU.Build.0 = Debug|Any CPU
		{5FA20B35-BC8C-5CAD-7030-E9DAE5134DE3}.Release|Any CPU.ActiveCfg = Release|Any CPU
		{5FA20B35-BC8C-5CAD-7030-E9DAE5134DE3}.Release|Any CPU.Build.0 = Release|Any CPU
		{7FC8E2CF-797E-0A50-FF3B-F3F2AE729AC0}.Debug|Any CPU.ActiveCfg = Debug|Any CPU
		{7FC8E2CF-797E-0A50-FF3B-F3F2AE729AC0}.Debug|Any CPU.Build.0 = Debug|Any CPU
		{7FC8E2CF-797E-0A50-FF3B-F3F2AE729AC0}.Release|Any CPU.ActiveCfg = Release|Any CPU
		{7FC8E2CF-797E-0A50-FF3B-F3F2AE729AC0}.Release|Any CPU.Build.0 = Release|Any CPU
		{BEB97B22-1273-15CA-7018-904784680041}.Debug|Any CPU.ActiveCfg = Debug|Any CPU
		{BEB97B22-1273-15CA-7018-904784680041}.Debug|Any CPU.Build.0 = Debug|Any CPU
		{BEB97B22-1273-15CA-7018-904784680041}.Release|Any CPU.ActiveCfg = Release|Any CPU
		{BEB97B22-1273-15CA-7018-904784680041}.Release|Any CPU.Build.0 = Release|Any CPU
		{9B6288DD-07AC-7898-0878-566646E686CE}.Debug|Any CPU.ActiveCfg = Debug|Any CPU
		{9B6288DD-07AC-7898-0878-566646E686CE}.Debug|Any CPU.Build.0 = Debug|Any CPU
		{9B6288DD-07AC-7898-0878-566646E686CE}.Release|Any CPU.ActiveCfg = Release|Any CPU
		{9B6288DD-07AC-7898-0878-566646E686CE}.Release|Any CPU.Build.0 = Release|Any CPU
		{445DF4A7-D323-A1BE-E1A7-6C481C9EB0FC}.Debug|Any CPU.ActiveCfg = Debug|Any CPU
		{445DF4A7-D323-A1BE-E1A7-6C481C9EB0FC}.Debug|Any CPU.Build.0 = Debug|Any CPU
		{445DF4A7-D323-A1BE-E1A7-6C481C9EB0FC}.Release|Any CPU.ActiveCfg = Release|Any CPU
		{445DF4A7-D323-A1BE-E1A7-6C481C9EB0FC}.Release|Any CPU.Build.0 = Release|Any CPU
		{E8FED161-34F0-CFB3-530F-79473989D110}.Debug|Any CPU.ActiveCfg = Debug|Any CPU
		{E8FED161-34F0-CFB3-530F-79473989D110}.Debug|Any CPU.Build.0 = Debug|Any CPU
		{E8FED161-34F0-CFB3-530F-79473989D110}.Release|Any CPU.ActiveCfg = Release|Any CPU
		{E8FED161-34F0-CFB3-530F-79473989D110}.Release|Any CPU.Build.0 = Release|Any CPU
		{02E0F917-C08A-E3D8-2497-A3FA1133132A}.Debug|Any CPU.ActiveCfg = Debug|Any CPU
		{02E0F917-C08A-E3D8-2497-A3FA1133132A}.Debug|Any CPU.Build.0 = Debug|Any CPU
		{02E0F917-C08A-E3D8-2497-A3FA1133132A}.Release|Any CPU.ActiveCfg = Release|Any CPU
		{02E0F917-C08A-E3D8-2497-A3FA1133132A}.Release|Any CPU.Build.0 = Release|Any CPU
		{C70C0EF8-1072-201D-4B36-63688E0F90E2}.Debug|Any CPU.ActiveCfg = Debug|Any CPU
		{C70C0EF8-1072-201D-4B36-63688E0F90E2}.Debug|Any CPU.Build.0 = Debug|Any CPU
		{C70C0EF8-1072-201D-4B36-63688E0F90E2}.Release|Any CPU.ActiveCfg = Release|Any CPU
		{C70C0EF8-1072-201D-4B36-63688E0F90E2}.Release|Any CPU.Build.0 = Release|Any CPU
		{A0599203-F796-6475-14AF-EBEB3FBB1D8C}.Debug|Any CPU.ActiveCfg = Debug|Any CPU
		{A0599203-F796-6475-14AF-EBEB3FBB1D8C}.Debug|Any CPU.Build.0 = Debug|Any CPU
		{A0599203-F796-6475-14AF-EBEB3FBB1D8C}.Release|Any CPU.ActiveCfg = Release|Any CPU
		{A0599203-F796-6475-14AF-EBEB3FBB1D8C}.Release|Any CPU.Build.0 = Release|Any CPU
		{1CE600DF-02C2-9665-070C-02651CBA1769}.Debug|Any CPU.ActiveCfg = Debug|Any CPU
		{1CE600DF-02C2-9665-070C-02651CBA1769}.Debug|Any CPU.Build.0 = Debug|Any CPU
		{1CE600DF-02C2-9665-070C-02651CBA1769}.Release|Any CPU.ActiveCfg = Release|Any CPU
		{1CE600DF-02C2-9665-070C-02651CBA1769}.Release|Any CPU.Build.0 = Release|Any CPU
		{22216E3B-12E9-B391-19BB-5890458F0B17}.Debug|Any CPU.ActiveCfg = Debug|Any CPU
		{22216E3B-12E9-B391-19BB-5890458F0B17}.Debug|Any CPU.Build.0 = Debug|Any CPU
		{22216E3B-12E9-B391-19BB-5890458F0B17}.Release|Any CPU.ActiveCfg = Release|Any CPU
		{22216E3B-12E9-B391-19BB-5890458F0B17}.Release|Any CPU.Build.0 = Release|Any CPU
		{5993D4F7-2675-24C5-E00F-A922C6A5EE1D}.Debug|Any CPU.ActiveCfg = Debug|Any CPU
		{5993D4F7-2675-24C5-E00F-A922C6A5EE1D}.Debug|Any CPU.Build.0 = Debug|Any CPU
		{5993D4F7-2675-24C5-E00F-A922C6A5EE1D}.Release|Any CPU.ActiveCfg = Release|Any CPU
		{5993D4F7-2675-24C5-E00F-A922C6A5EE1D}.Release|Any CPU.Build.0 = Release|Any CPU
		{B6CFFBCE-A05A-2DFF-5957-5F4759202605}.Debug|Any CPU.ActiveCfg = Debug|Any CPU
		{B6CFFBCE-A05A-2DFF-5957-5F4759202605}.Debug|Any CPU.Build.0 = Debug|Any CPU
		{B6CFFBCE-A05A-2DFF-5957-5F4759202605}.Release|Any CPU.ActiveCfg = Release|Any CPU
		{B6CFFBCE-A05A-2DFF-5957-5F4759202605}.Release|Any CPU.Build.0 = Release|Any CPU
		{E6792A5E-79D0-8C10-2E17-EC722BC23D81}.Debug|Any CPU.ActiveCfg = Debug|Any CPU
		{E6792A5E-79D0-8C10-2E17-EC722BC23D81}.Debug|Any CPU.Build.0 = Debug|Any CPU
		{E6792A5E-79D0-8C10-2E17-EC722BC23D81}.Release|Any CPU.ActiveCfg = Release|Any CPU
		{E6792A5E-79D0-8C10-2E17-EC722BC23D81}.Release|Any CPU.Build.0 = Release|Any CPU
		{451DB3E0-F1CC-5189-5527-F862FA1DD8CA}.Debug|Any CPU.ActiveCfg = Debug|Any CPU
		{451DB3E0-F1CC-5189-5527-F862FA1DD8CA}.Debug|Any CPU.Build.0 = Debug|Any CPU
		{451DB3E0-F1CC-5189-5527-F862FA1DD8CA}.Release|Any CPU.ActiveCfg = Release|Any CPU
		{451DB3E0-F1CC-5189-5527-F862FA1DD8CA}.Release|Any CPU.Build.0 = Release|Any CPU
	EndGlobalSection
	GlobalSection(SolutionProperties) = preSolution
		HideSolutionNode = FALSE
	EndGlobalSection
EndGlobal
